
Microsoft Visual Studio Solution File, Format Version 12.00
# Visual Studio Version 17
VisualStudioVersion = 17.9.34728.123
MinimumVisualStudioVersion = 10.0.40219.1
Project("{9A19103F-16F7-4668-BE54-9A1E7A4F7556}") = "BankApp.Domain", "BankApp.Domain\BankApp.Domain.csproj", "{44CFC409-2B1C-485F-AD01-AAC8D8F194EC}"
EndProject
Project("{9A19103F-16F7-4668-BE54-9A1E7A4F7556}") = "BankApp", "BankApp\BankApp.csproj", "{C2F52C73-F32C-4A32-A1C8-B345C4578382}"
EndProject
Global
	GlobalSection(SolutionConfigurationPlatforms) = preSolution
		Debug|Any CPU = Debug|Any CPU
		Release|Any CPU = Release|Any CPU
	EndGlobalSection
	GlobalSection(ProjectConfigurationPlatforms) = postSolution
		{44CFC409-2B1C-485F-AD01-AAC8D8F194EC}.Debug|Any CPU.ActiveCfg = Debug|Any CPU
		{44CFC409-2B1C-485F-AD01-AAC8D8F194EC}.Debug|Any CPU.Build.0 = Debug|Any CPU
		{44CFC409-2B1C-485F-AD01-AAC8D8F194EC}.Release|Any CPU.ActiveCfg = Release|Any CPU
		{44CFC409-2B1C-485F-AD01-AAC8D8F194EC}.Release|Any CPU.Build.0 = Release|Any CPU
		{C2F52C73-F32C-4A32-A1C8-B345C4578382}.Debug|Any CPU.ActiveCfg = Debug|Any CPU
		{C2F52C73-F32C-4A32-A1C8-B345C4578382}.Debug|Any CPU.Build.0 = Debug|Any CPU
		{C2F52C73-F32C-4A32-A1C8-B345C4578382}.Release|Any CPU.ActiveCfg = Release|Any CPU
		{C2F52C73-F32C-4A32-A1C8-B345C4578382}.Release|Any CPU.Build.0 = Release|Any CPU
	EndGlobalSection
	GlobalSection(SolutionProperties) = preSolution
		HideSolutionNode = FALSE
	EndGlobalSection
	GlobalSection(ExtensibilityGlobals) = postSolution
		SolutionGuid = {67AE60D2-55D0-439F-A1A6-D6E5CF30ECE2}
	EndGlobalSection
EndGlobal
