
Microsoft Visual Studio Solution File, Format Version 12.00
# Visual Studio Version 17
VisualStudioVersion = 17.9.34728.123
MinimumVisualStudioVersion = 10.0.40219.1
Project("{FAE04EC0-301F-11D3-BF4B-00C04F79EFBC}") = "BankApp.Domain", "BankApp.Domain\BankApp.Domain.csproj", "{247161E4-7B13-433F-9926-4E6F35FBB5A0}"
EndProject
Project("{FAE04EC0-301F-11D3-BF4B-00C04F79EFBC}") = "BankApp", "BankApp\BankApp.csproj", "{5D00F260-FF52-4C4A-93BA-A61D4C46EFAD}"
EndProject
Global
	GlobalSection(SolutionConfigurationPlatforms) = preSolution
		Debug|Any CPU = Debug|Any CPU
		Release|Any CPU = Release|Any CPU
	EndGlobalSection
	GlobalSection(ProjectConfigurationPlatforms) = postSolution
		{247161E4-7B13-433F-9926-4E6F35FBB5A0}.Debug|Any CPU.ActiveCfg = Debug|Any CPU
		{247161E4-7B13-433F-9926-4E6F35FBB5A0}.Debug|Any CPU.Build.0 = Debug|Any CPU
		{247161E4-7B13-433F-9926-4E6F35FBB5A0}.Release|Any CPU.ActiveCfg = Release|Any CPU
		{247161E4-7B13-433F-9926-4E6F35FBB5A0}.Release|Any CPU.Build.0 = Release|Any CPU
		{5D00F260-FF52-4C4A-93BA-A61D4C46EFAD}.Debug|Any CPU.ActiveCfg = Debug|Any CPU
		{5D00F260-FF52-4C4A-93BA-A61D4C46EFAD}.Debug|Any CPU.Build.0 = Debug|Any CPU
		{5D00F260-FF52-4C4A-93BA-A61D4C46EFAD}.Release|Any CPU.ActiveCfg = Release|Any CPU
		{5D00F260-FF52-4C4A-93BA-A61D4C46EFAD}.Release|Any CPU.Build.0 = Release|Any CPU
	EndGlobalSection
	GlobalSection(SolutionProperties) = preSolution
		HideSolutionNode = FALSE
	EndGlobalSection
	GlobalSection(ExtensibilityGlobals) = postSolution
		SolutionGuid = {67AE60D2-55D0-439F-A1A6-D6E5CF30ECE2}
	EndGlobalSection
EndGlobal
